lockfileVersion: '9.0'

settings:
  autoInstallPeers: true
  excludeLinksFromLockfile: false

importers:

  .:
    devDependencies:
      rolldown:
        specifier: 1.0.0-beta.19
        version: 1.0.0-beta.19

packages:

  '@emnapi/core@1.4.3':
    resolution: {integrity: sha512-4m62DuCE07lw01soJwPiBGC0nAww0Q+RY70VZ+n49yDIO13yyinhbWCeNnaob0lakDtWQzSdtNWzJeOJt2ma+g==}

  '@emnapi/runtime@1.4.3':
    resolution: {integrity: sha512-pBPWdu6MLKROBX05wSNKcNb++m5Er+KQ9QkB+WVM+pW2Kx9hoSrVTnu3BdkI5eBLZoKu/J6mW/B6i6bJB2ytXQ==}

  '@emnapi/wasi-threads@1.0.2':
    resolution: {integrity: sha512-5n3nTJblwRi8LlXkJ9eBzu+kZR8Yxcc7ubakyQTFzPMtIhFpUBRbsnc2Dv88IZDIbCDlBiWrknhB4Lsz7mg6BA==}

  '@napi-rs/wasm-runtime@0.2.11':
    resolution: {integrity: sha512-9DPkXtvHydrcOsopiYpUgPHpmj0HWZKMUnL2dZqpvC42lsratuBG06V5ipyno0fUek5VlFsNQ+AcFATSrJXgMA==}

  '@oxc-project/runtime@0.73.2':
    resolution: {integrity: sha512-wbUN3K3zjMRHxAsNm1nKHebSnDY800b3LxQFTr9wSZpdQdhiQQAZpRIFsYjh0sAotoyqahN576sB1DmpPUhl5Q==}
    engines: {node: '>=6.9.0'}

  '@oxc-project/types@0.73.2':
    resolution: {integrity: sha512-kU2FjfCb9VTNg/KbOTKVi2sYrKTkNQYq1Fi1v1jCKjbUGA9wqkNDqijNBLeDwagFtDuK2EIWvTzNDYU4k/918g==}

  '@rolldown/binding-darwin-arm64@1.0.0-beta.19':
    resolution: {integrity: sha512-Lr2bcnzrqa5fb/tyaOJxbAe6r+Zf5mbCDYnRW8u4hv19b519C6d+8LHl879mBDVWAmRaPt1LPsiQUZJQnKb/jQ==}
    cpu: [arm64]
    os: [darwin]

  '@rolldown/binding-darwin-x64@1.0.0-beta.19':
    resolution: {integrity: sha512-EMzFFW+Wshv0d0FnunDOKl3QQK5KW69c9NOo7SL+fXmeDRrhhKnjoAggi6IX+Vq3gz0PqfqsbElT2uFS5g1dcg==}
    cpu: [x64]
    os: [darwin]

  '@rolldown/binding-freebsd-x64@1.0.0-beta.19':
    resolution: {integrity: sha512-aoILM0xYehAQdpMrD1rDU14SLJ5j8TsIAB6Ywc6ba85CV2Ks/1EFVSKp9iNL9/V4wqQf4Gk/s3A1kgSzwmw0lg==}
    cpu: [x64]
    os: [freebsd]

  '@rolldown/binding-linux-arm-gnueabihf@1.0.0-beta.19':
    resolution: {integrity: sha512-p5PY3ezHgWN5DurWBMSxrZhnQcJTIuyl8d0aHrC53EXKMG8vMr80L7U545p0nqC14XtWjlMPFxumFxLD+zVL9g==}
    cpu: [arm]
    os: [linux]

  '@rolldown/binding-linux-arm64-gnu@1.0.0-beta.19':
    resolution: {integrity: sha512-TNZ3jlApVMpix2h9BclYsurjBYCyiRsz4H7opQY3Tf67Yi1UBe69yNwXZ9l+5fnEGipYzwAUPpTYSw35wbU6bQ==}
    cpu: [arm64]
    os: [linux]

  '@rolldown/binding-linux-arm64-musl@1.0.0-beta.19':
    resolution: {integrity: sha512-4FowIEu7YIBKLYMG0659V2kN/drV/ghljDl9k9DGmUL/Mko0tG2itRmgLeZyjrkbQNTkXUTI3/0fEbwAg8Jazg==}
    cpu: [arm64]
    os: [linux]

  '@rolldown/binding-linux-x64-gnu@1.0.0-beta.19':
    resolution: {integrity: sha512-7/P+dvNsReOZoUvr6p3EKqKHWT+dxjBC5nxelfNWqs32oyVKqv/MvPtayAUqNMv0F94fzQW/l4EOwzLfBHiIJA==}
    cpu: [x64]
    os: [linux]

  '@rolldown/binding-linux-x64-musl@1.0.0-beta.19':
    resolution: {integrity: sha512-TztajvVHulPEn1hKCTxmpkomIUvMaeQ9Vv5TEn3bHBp/3T8W7zOwju0ExXNiLtSoD8Nk85T8O1DBPwuo0h+Uig==}
    cpu: [x64]
    os: [linux]

  '@rolldown/binding-wasm32-wasi@1.0.0-beta.19':
    resolution: {integrity: sha512-AqRQiUYEgxEkBPxkz8UvJcpFlknCRwxNDhcUj3ZRNsFWNqSeNFV7Nx41yxB7lpS7EHUNhUsEaydLBU3QeRiV5Q==}
    engines: {node: '>=14.21.3'}
    cpu: [wasm32]

  '@rolldown/binding-win32-arm64-msvc@1.0.0-beta.19':
    resolution: {integrity: sha512-ak0Dv/IKcbVHr8JhP0rLUCgEQ++GsSQQ2O+VofTXmCeXhquOkVSxcicgDJ4yLgQDIM0DC2pFXWpAoHRGvkrEdQ==}
    cpu: [arm64]
    os: [win32]

  '@rolldown/binding-win32-ia32-msvc@1.0.0-beta.19':
    resolution: {integrity: sha512-N8FaTCEpobYggCVAQpYNvwIhlPUDZbxO9Hugk5eT7rFBS2iosjiOailJGa44ppWxa8Ap3sPYjr5z0v/M6gxjhg==}
    cpu: [ia32]
    os: [win32]

  '@rolldown/binding-win32-x64-msvc@1.0.0-beta.19':
    resolution: {integrity: sha512-a+GPUvLUkG8Qh2XPn7JI9Ui8wz9HhbrB5iJPMWh7VSv/4uLJZYZqxkL1kC+K/dUjE0CSun/4zds+C0SW83S69A==}
    cpu: [x64]
    os: [win32]

  '@rolldown/pluginutils@1.0.0-beta.19':
    resolution: {integrity: sha512-3FL3mnMbPu0muGOCaKAhhFEYmqv9eTfPSJRJmANrCwtgK8VuxpsZDGK+m0LYAGoyO8+0j5uRe4PeyPDK1yA/hA==}

  '@tybys/wasm-util@0.9.0':
    resolution: {integrity: sha512-6+7nlbMVX/PVDCwaIQ8nTOPveOcFLSt8GcXdx8hD0bt39uWxYT88uXzqTd4fTvqta7oeUJqudepapKNt2DYJFw==}

  ansis@4.1.0:
    resolution: {integrity: sha512-BGcItUBWSMRgOCe+SVZJ+S7yTRG0eGt9cXAHev72yuGcY23hnLA7Bky5L/xLyPINoSN95geovfBkqoTlNZYa7w==}
    engines: {node: '>=14'}

  rolldown@1.0.0-beta.19:
    resolution: {integrity: sha512-rEBMUCfaK4LOf2rynaqcgKDGqwZ6GdWFdbgjfBOBvsY3Mr3AL0G6AKx516vDhOj1UVkAnxixfqDrXkZkH27n3w==}
    hasBin: true

  tslib@2.8.1:
    resolution: {integrity: sha512-oJFu94HQb+KVduSUQL7wnpmqnfmLsOA/nAh6b6EH0wCEoK0/mPeXU6c3wKDV83MkOuHPRHtSXKKU99IBazS/2w==}

snapshots:

  '@emnapi/core@1.4.3':
    dependencies:
      '@emnapi/wasi-threads': 1.0.2
      tslib: 2.8.1
    optional: true

  '@emnapi/runtime@1.4.3':
    dependencies:
      tslib: 2.8.1
    optional: true

  '@emnapi/wasi-threads@1.0.2':
    dependencies:
      tslib: 2.8.1
    optional: true

  '@napi-rs/wasm-runtime@0.2.11':
    dependencies:
      '@emnapi/core': 1.4.3
      '@emnapi/runtime': 1.4.3
      '@tybys/wasm-util': 0.9.0
    optional: true

  '@oxc-project/runtime@0.73.2': {}

  '@oxc-project/types@0.73.2': {}

  '@rolldown/binding-darwin-arm64@1.0.0-beta.19':
    optional: true

  '@rolldown/binding-darwin-x64@1.0.0-beta.19':
    optional: true

  '@rolldown/binding-freebsd-x64@1.0.0-beta.19':
    optional: true

  '@rolldown/binding-linux-arm-gnueabihf@1.0.0-beta.19':
    optional: true

  '@rolldown/binding-linux-arm64-gnu@1.0.0-beta.19':
    optional: true

  '@rolldown/binding-linux-arm64-musl@1.0.0-beta.19':
    optional: true

  '@rolldown/binding-linux-x64-gnu@1.0.0-beta.19':
    optional: true

  '@rolldown/binding-linux-x64-musl@1.0.0-beta.19':
    optional: true

  '@rolldown/binding-wasm32-wasi@1.0.0-beta.19':
    dependencies:
      '@napi-rs/wasm-runtime': 0.2.11
    optional: true

  '@rolldown/binding-win32-arm64-msvc@1.0.0-beta.19':
    optional: true

  '@rolldown/binding-win32-ia32-msvc@1.0.0-beta.19':
    optional: true

  '@rolldown/binding-win32-x64-msvc@1.0.0-beta.19':
    optional: true

  '@rolldown/pluginutils@1.0.0-beta.19': {}

  '@tybys/wasm-util@0.9.0':
    dependencies:
      tslib: 2.8.1
    optional: true

  ansis@4.1.0: {}

  rolldown@1.0.0-beta.19:
    dependencies:
      '@oxc-project/runtime': 0.73.2
      '@oxc-project/types': 0.73.2
      '@rolldown/pluginutils': 1.0.0-beta.19
      ansis: 4.1.0
    optionalDependencies:
      '@rolldown/binding-darwin-arm64': 1.0.0-beta.19
      '@rolldown/binding-darwin-x64': 1.0.0-beta.19
      '@rolldown/binding-freebsd-x64': 1.0.0-beta.19
      '@rolldown/binding-linux-arm-gnueabihf': 1.0.0-beta.19
      '@rolldown/binding-linux-arm64-gnu': 1.0.0-beta.19
      '@rolldown/binding-linux-arm64-musl': 1.0.0-beta.19
      '@rolldown/binding-linux-x64-gnu': 1.0.0-beta.19
      '@rolldown/binding-linux-x64-musl': 1.0.0-beta.19
      '@rolldown/binding-wasm32-wasi': 1.0.0-beta.19
      '@rolldown/binding-win32-arm64-msvc': 1.0.0-beta.19
      '@rolldown/binding-win32-ia32-msvc': 1.0.0-beta.19
      '@rolldown/binding-win32-x64-msvc': 1.0.0-beta.19

  tslib@2.8.1:
    optional: true
